
Microsoft Visual Studio Solution File, Format Version 12.00
# Visual Studio Version 16
VisualStudioVersion = 16.0.30204.135
MinimumVisualStudioVersion = 10.0.40219.1
Project("{FAE04EC0-301F-11D3-BF4B-00C04F79EFBC}") = "SocialSiteApp", "SocialSiteApp\SocialSiteApp.csproj", "{B5CEBA03-241D-4643-A196-1AA1A7016C3E}"
EndProject
Project("{FAE04EC0-301F-11D3-BF4B-00C04F79EFBC}") = "BusinessLayer", "BusinessLayer\BusinessLayer.csproj", "{2D78E1B3-3595-4D9B-BCF1-319B9EA3F5B4}"
EndProject
Project("{FAE04EC0-301F-11D3-BF4B-00C04F79EFBC}") = "RepositoryLayer", "RepositoryLayer\RepositoryLayer.csproj", "{9F0A33FE-0ED0-429E-A80B-20965FFE274A}"
EndProject
Project("{FAE04EC0-301F-11D3-BF4B-00C04F79EFBC}") = "CommonLayer", "CommonLayer\CommonLayer.csproj", "{3EBD66B3-7875-441F-8934-78563B1CFBB0}"
EndProject
Global
	GlobalSection(SolutionConfigurationPlatforms) = preSolution
		Debug|Any CPU = Debug|Any CPU
		Release|Any CPU = Release|Any CPU
	EndGlobalSection
	GlobalSection(ProjectConfigurationPlatforms) = postSolution
		{B5CEBA03-241D-4643-A196-1AA1A7016C3E}.Debug|Any CPU.ActiveCfg = Debug|Any CPU
		{B5CEBA03-241D-4643-A196-1AA1A7016C3E}.Debug|Any CPU.Build.0 = Debug|Any CPU
		{B5CEBA03-241D-4643-A196-1AA1A7016C3E}.Release|Any CPU.ActiveCfg = Release|Any CPU
		{B5CEBA03-241D-4643-A196-1AA1A7016C3E}.Release|Any CPU.Build.0 = Release|Any CPU
		{2D78E1B3-3595-4D9B-BCF1-319B9EA3F5B4}.Debug|Any CPU.ActiveCfg = Debug|Any CPU
		{2D78E1B3-3595-4D9B-BCF1-319B9EA3F5B4}.Debug|Any CPU.Build.0 = Debug|Any CPU
		{2D78E1B3-3595-4D9B-BCF1-319B9EA3F5B4}.Release|Any CPU.ActiveCfg = Release|Any CPU
		{2D78E1B3-3595-4D9B-BCF1-319B9EA3F5B4}.Release|Any CPU.Build.0 = Release|Any CPU
		{9F0A33FE-0ED0-429E-A80B-20965FFE274A}.Debug|Any CPU.ActiveCfg = Debug|Any CPU
		{9F0A33FE-0ED0-429E-A80B-20965FFE274A}.Debug|Any CPU.Build.0 = Debug|Any CPU
		{9F0A33FE-0ED0-429E-A80B-20965FFE274A}.Release|Any CPU.ActiveCfg = Release|Any CPU
		{9F0A33FE-0ED0-429E-A80B-20965FFE274A}.Release|Any CPU.Build.0 = Release|Any CPU
		{3EBD66B3-7875-441F-8934-78563B1CFBB0}.Debug|Any CPU.ActiveCfg = Debug|Any CPU
		{3EBD66B3-7875-441F-8934-78563B1CFBB0}.Debug|Any CPU.Build.0 = Debug|Any CPU
		{3EBD66B3-7875-441F-8934-78563B1CFBB0}.Release|Any CPU.ActiveCfg = Release|Any CPU
		{3EBD66B3-7875-441F-8934-78563B1CFBB0}.Release|Any CPU.Build.0 = Release|Any CPU
	EndGlobalSection
	GlobalSection(SolutionProperties) = preSolution
		HideSolutionNode = FALSE
	EndGlobalSection
	GlobalSection(ExtensibilityGlobals) = postSolution
		SolutionGuid = {AAE8EC6A-9499-4CBD-AFB7-6EC93751B3FD}
	EndGlobalSection
EndGlobal
